// !$*UTF8*$!
{
	archiveVersion = 1;
	classes = {
	};
	objectVersion = 50;
	objects = {

/* Begin PBXBuildFile section */
		DBFB61D02709C80800779880 /* AppDelegate.m in Sources */ = {isa = PBXBuildFile; fileRef = DBFB61CF2709C80800779880 /* AppDelegate.m */; };
		DBFB61D32709C80800779880 /* SceneDelegate.m in Sources */ = {isa = PBXBuildFile; fileRef = DBFB61D22709C80800779880 /* SceneDelegate.m */; };
		DBFB61D62709C80800779880 /* ViewController.m in Sources */ = {isa = PBXBuildFile; fileRef = DBFB61D52709C80800779880 /* ViewController.m */; };
		DBFB61D92709C80800779880 /* Main.storyboard in Resources */ = {isa = PBXBuildFile; fileRef = DBFB61D72709C80800779880 /* Main.storyboard */; };
		DBFB61DB2709C80A00779880 /* Assets.xcassets in Resources */ = {isa = PBXBuildFile; fileRef = DBFB61DA2709C80A00779880 /* Assets.xcassets */; };
		DBFB61DE2709C80A00779880 /* LaunchScreen.storyboard in Resources */ = {isa = PBXBuildFile; fileRef = DBFB61DC2709C80A00779880 /* LaunchScreen.storyboard */; };
		DBFB61E12709C80A00779880 /* main.m in Sources */ = {isa = PBXBuildFile; fileRef = DBFB61E02709C80A00779880 /* main.m */; };
/* End PBXBuildFile section */

/* Begin PBXFileReference section */
		DBFB61CB2709C80800779880 /* ObjcApp.app */ = {isa = PBXFileReference; explicitFileType = wrapper.application; includeInIndex = 0; path = ObjcApp.app; sourceTree = BUILT_PRODUCTS_DIR; };
		DBFB61CE2709C80800779880 /* AppDelegate.h */ = {isa = PBXFileReference; lastKnownFileType = sourcecode.c.h; path = AppDelegate.h; sourceTree = "<group>"; };
		DBFB61CF2709C80800779880 /* AppDelegate.m */ = {isa = PBXFileReference; lastKnownFileType = sourcecode.c.objc; path = AppDelegate.m; sourceTree = "<group>"; };
		DBFB61D12709C80800779880 /* SceneDelegate.h */ = {isa = PBXFileReference; lastKnownFileType = sourcecode.c.h; path = SceneDelegate.h; sourceTree = "<group>"; };
		DBFB61D22709C80800779880 /* SceneDelegate.m */ = {isa = PBXFileReference; lastKnownFileType = sourcecode.c.objc; path = SceneDelegate.m; sourceTree = "<group>"; };
		DBFB61D42709C80800779880 /* ViewController.h */ = {isa = PBXFileReference; lastKnownFileType = sourcecode.c.h; path = ViewController.h; sourceTree = "<group>"; };
		DBFB61D52709C80800779880 /* ViewController.m */ = {isa = PBXFileReference; lastKnownFileType = sourcecode.c.objc; path = ViewController.m; sourceTree = "<group>"; };
		DBFB61D82709C80800779880 /* Base */ = {isa = PBXFileReference; lastKnownFileType = file.storyboard; name = Base; path = Base.lproj/Main.storyboard; sourceTree = "<group>"; };
		DBFB61DA2709C80A00779880 /* Assets.xcassets */ = {isa = PBXFileReference; lastKnownFileType = folder.assetcatalog; path = Assets.xcassets; sourceTree = "<group>"; };
		DBFB61DD2709C80A00779880 /* Base */ = {isa = PBXFileReference; lastKnownFileType = file.storyboard; name = Base; path = Base.lproj/LaunchScreen.storyboard; sourceTree = "<group>"; };
		DBFB61DF2709C80A00779880 /* Info.plist */ = {isa = PBXFileReference; lastKnownFileType = text.plist.xml; path = Info.plist; sourceTree = "<group>"; };
		DBFB61E02709C80A00779880 /* main.m */ = {isa = PBXFileReference; lastKnownFileType = sourcecode.c.objc; path = main.m; sourceTree = "<group>"; };
/* End PBXFileReference section */

/* Begin PBXFrameworksBuildPhase section */
		DBFB61C82709C80800779880 /* Frameworks */ = {
			isa = PBXFrameworksBuildPhase;
			buildActionMask = 2147483647;
			files = (
			);
			runOnlyForDeploymentPostprocessing = 0;
		};
/* End PBXFrameworksBuildPhase section */

/* Begin PBXGroup section */
		DBFB61C22709C80800779880 = {
			isa = PBXGroup;
			children = (
				DBFB61CD2709C80800779880 /* ObjcApp */,
				DBFB61CC2709C80800779880 /* Products */,
			);
			sourceTree = "<group>";
		};
		DBFB61CC2709C80800779880 /* Products */ = {
			isa = PBXGroup;
			children = (
				DBFB61CB2709C80800779880 /* ObjcApp.app */,
			);
			name = Products;
			sourceTree = "<group>";
		};
		DBFB61CD2709C80800779880 /* ObjcApp */ = {
			isa = PBXGroup;
			children = (
				DBFB61CE2709C80800779880 /* AppDelegate.h */,
				DBFB61CF2709C80800779880 /* AppDelegate.m */,
				DBFB61D12709C80800779880 /* SceneDelegate.h */,
				DBFB61D22709C80800779880 /* SceneDelegate.m */,
				DBFB61D42709C80800779880 /* ViewController.h */,
				DBFB61D52709C80800779880 /* ViewController.m */,
				DBFB61D72709C80800779880 /* Main.storyboard */,
				DBFB61DA2709C80A00779880 /* Assets.xcassets */,
				DBFB61DC2709C80A00779880 /* LaunchScreen.storyboard */,
				DBFB61DF2709C80A00779880 /* Info.plist */,
				DBFB61E02709C80A00779880 /* main.m */,
			);
			path = ObjcApp;
			sourceTree = "<group>";
		};
/* End PBXGroup section */

/* Begin PBXNativeTarget section */
		DBFB61CA2709C80800779880 /* ObjcApp */ = {
			isa = PBXNativeTarget;
			buildConfigurationList = DBFB61E42709C80A00779880 /* Build configuration list for PBXNativeTarget "ObjcApp" */;
			buildPhases = (
				DBFB61C72709C80800779880 /* Sources */,
				DBFB61C82709C80800779880 /* Frameworks */,
				DBFB61C92709C80800779880 /* Resources */,
			);
			buildRules = (
			);
			dependencies = (
			);
			name = ObjcApp;
			productName = ObjcApp;
			productReference = DBFB61CB2709C80800779880 /* ObjcApp.app */;
			productType = "com.apple.product-type.application";
		};
/* End PBXNativeTarget section */

/* Begin PBXProject section */
		DBFB61C32709C80800779880 /* Project object */ = {
			isa = PBXProject;
			attributes = {
				LastUpgradeCheck = 1250;
				TargetAttributes = {
					DBFB61CA2709C80800779880 = {
						CreatedOnToolsVersion = 12.5.1;
					};
				};
			};
			buildConfigurationList = DBFB61C62709C80800779880 /* Build configuration list for PBXProject "ObjcApp" */;
			compatibilityVersion = "Xcode 9.3";
			developmentRegion = en;
			hasScannedForEncodings = 0;
			knownRegions = (
				en,
				Base,
			);
			mainGroup = DBFB61C22709C80800779880;
			productRefGroup = DBFB61CC2709C80800779880 /* Products */;
			projectDirPath = "";
			projectRoot = "";
			targets = (
				DBFB61CA2709C80800779880 /* ObjcApp */,
			);
		};
/* End PBXProject section */

/* Begin PBXResourcesBuildPhase section */
		DBFB61C92709C80800779880 /* Resources */ = {
			isa = PBXResourcesBuildPhase;
			buildActionMask = 2147483647;
			files = (
				DBFB61DE2709C80A00779880 /* LaunchScreen.storyboard in Resources */,
				DBFB61DB2709C80A00779880 /* Assets.xcassets in Resources */,
				DBFB61D92709C80800779880 /* Main.storyboard in Resources */,
			);
			runOnlyForDeploymentPostprocessing = 0;
		};
/* End PBXResourcesBuildPhase section */

/* Begin PBXSourcesBuildPhase section */
		DBFB61C72709C80800779880 /* Sources */ = {
			isa = PBXSourcesBuildPhase;
			buildActionMask = 2147483647;
			files = (
				DBFB61D62709C80800779880 /* ViewController.m in Sources */,
				DBFB61D02709C80800779880 /* AppDelegate.m in Sources */,
				DBFB61E12709C80A00779880 /* main.m in Sources */,
				DBFB61D32709C80800779880 /* SceneDelegate.m in Sources */,
			);
			runOnlyForDeploymentPostprocessing = 0;
		};
/* End PBXSourcesBuildPhase section */

/* Begin PBXVariantGroup section */
		DBFB61D72709C80800779880 /* Main.storyboard */ = {
			isa = PBXVariantGroup;
			children = (
				DBFB61D82709C80800779880 /* Base */,
			);
			name = Main.storyboard;
			sourceTree = "<group>";
		};
		DBFB61DC2709C80A00779880 /* LaunchScreen.storyboard */ = {
			isa = PBXVariantGroup;
			children = (
				DBFB61DD2709C80A00779880 /* Base */,
			);
			name = LaunchScreen.storyboard;
			sourceTree = "<group>";
		};
/* End PBXVariantGroup section */

/* Begin XCBuildConfiguration section */
		DBFB61E22709C80A00779880 /* Debug */ = {
			isa = XCBuildConfiguration;
			buildSettings = {
				ALWAYS_SEARCH_USER_PATHS = NO;
				CLANG_ANALYZER_NONNULL = YES;
				CLANG_ANALYZER_NUMBER_OBJECT_CONVERSION = YES_AGGRESSIVE;
				CLANG_CXX_LANGUAGE_STANDARD = "gnu++14";
				CLANG_CXX_LIBRARY = "libc++";
				CLANG_ENABLE_MODULES = YES;
				CLANG_ENABLE_OBJC_ARC = YES;
				CLANG_ENABLE_OBJC_WEAK = YES;
				CLANG_WARN_BLOCK_CAPTURE_AUTORELEASING = YES;
				CLANG_WARN_BOOL_CONVERSION = YES;
				CLANG_WARN_COMMA = YES;
				CLANG_WARN_CONSTANT_CONVERSION = YES;
				CLANG_WARN_DEPRECATED_OBJC_IMPLEMENTATIONS = YES;
				CLANG_WARN_DIRECT_OBJC_ISA_USAGE = YES_ERROR;
				CLANG_WARN_DOCUMENTATION_COMMENTS = YES;
				CLANG_WARN_EMPTY_BODY = YES;
				CLANG_WARN_ENUM_CONVERSION = YES;
				CLANG_WARN_INFINITE_RECURSION = YES;
				CLANG_WARN_INT_CONVERSION = YES;
				CLANG_WARN_NON_LITERAL_NULL_CONVERSION = YES;
				CLANG_WARN_OBJC_IMPLICIT_RETAIN_SELF = YES;
				CLANG_WARN_OBJC_LITERAL_CONVERSION = YES;
				CLANG_WARN_OBJC_ROOT_CLASS = YES_ERROR;
				CLANG_WARN_QUOTED_INCLUDE_IN_FRAMEWORK_HEADER = YES;
				CLANG_WARN_RANGE_LOOP_ANALYSIS = YES;
				CLANG_WARN_STRICT_PROTOTYPES = YES;
				CLANG_WARN_SUSPICIOUS_MOVE = YES;
				CLANG_WARN_UNGUARDED_AVAILABILITY = YES_AGGRESSIVE;
				CLANG_WARN_UNREACHABLE_CODE = YES;
				CLANG_WARN__DUPLICATE_METHOD_MATCH = YES;
				COPY_PHASE_STRIP = NO;
				DEBUG_INFORMATION_FORMAT = dwarf;
				ENABLE_STRICT_OBJC_MSGSEND = YES;
				ENABLE_TESTABILITY = YES;
				GCC_C_LANGUAGE_STANDARD = gnu11;
				GCC_DYNAMIC_NO_PIC = NO;
				GCC_NO_COMMON_BLOCKS = YES;
				GCC_OPTIMIZATION_LEVEL = 0;
				GCC_PREPROCESSOR_DEFINITIONS = (
					"DEBUG=1",
					"$(inherited)",
				);
				GCC_WARN_64_TO_32_BIT_CONVERSION = YES;
				GCC_WARN_ABOUT_RETURN_TYPE = YES_ERROR;
				GCC_WARN_UNDECLARED_SELECTOR = YES;
				GCC_WARN_UNINITIALIZED_AUTOS = YES_AGGRESSIVE;
				GCC_WARN_UNUSED_FUNCTION = YES;
				GCC_WARN_UNUSED_VARIABLE = YES;
				IPHONEOS_DEPLOYMENT_TARGET = 14.5;
				MTL_ENABLE_DEBUG_INFO = INCLUDE_SOURCE;
				MTL_FAST_MATH = YES;
				ONLY_ACTIVE_ARCH = YES;
				SDKROOT = iphoneos;
			};
			name = Debug;
		};
		DBFB61E32709C80A00779880 /* Release */ = {
			isa = XCBuildConfiguration;
			buildSettings = {
				ALWAYS_SEARCH_USER_PATHS = NO;
				CLANG_ANALYZER_NONNULL = YES;
				CLANG_ANALYZER_NUMBER_OBJECT_CONVERSION = YES_AGGRESSIVE;
				CLANG_CXX_LANGUAGE_STANDARD = "gnu++14";
				CLANG_CXX_LIBRARY = "libc++";
				CLANG_ENABLE_MODULES = YES;
				CLANG_ENABLE_OBJC_ARC = YES;
				CLANG_ENABLE_OBJC_WEAK = YES;
				CLANG_WARN_BLOCK_CAPTURE_AUTORELEASING = YES;
				CLANG_WARN_BOOL_CONVERSION = YES;
				CLANG_WARN_COMMA = YES;
				CLANG_WARN_CONSTANT_CONVERSION = YES;
				CLANG_WARN_DEPRECATED_OBJC_IMPLEMENTATIONS = YES;
				CLANG_WARN_DIRECT_OBJC_ISA_USAGE = YES_ERROR;
				CLANG_WARN_DOCUMENTATION_COMMENTS = YES;
				CLANG_WARN_EMPTY_BODY = YES;
				CLANG_WARN_ENUM_CONVERSION = YES;
				CLANG_WARN_INFINITE_RECURSION = YES;
				CLANG_WARN_INT_CONVERSION = YES;
				CLANG_WARN_NON_LITERAL_NULL_CONVERSION = YES;
				CLANG_WARN_OBJC_IMPLICIT_RETAIN_SELF = YES;
				CLANG_WARN_OBJC_LITERAL_CONVERSION = YES;
				CLANG_WARN_OBJC_ROOT_CLASS = YES_ERROR;
				CLANG_WARN_QUOTED_INCLUDE_IN_FRAMEWORK_HEADER = YES;
				CLANG_WARN_RANGE_LOOP_ANALYSIS = YES;
				CLANG_WARN_STRICT_PROTOTYPES = YES;
				CLANG_WARN_SUSPICIOUS_MOVE = YES;
				CLANG_WARN_UNGUARDED_AVAILABILITY = YES_AGGRESSIVE;
				CLANG_WARN_UNREACHABLE_CODE = YES;
				CLANG_WARN__DUPLICATE_METHOD_MATCH = YES;
				COPY_PHASE_STRIP = NO;
				DEBUG_INFORMATION_FORMAT = "dwarf-with-dsym";
				ENABLE_NS_ASSERTIONS = NO;
				ENABLE_STRICT_OBJC_MSGSEND = YES;
				GCC_C_LANGUAGE_STANDARD = gnu11;
				GCC_NO_COMMON_BLOCKS = YES;
				GCC_WARN_64_TO_32_BIT_CONVERSION = YES;
				GCC_WARN_ABOUT_RETURN_TYPE = YES_ERROR;
				GCC_WARN_UNDECLARED_SELECTOR = YES;
				GCC_WARN_UNINITIALIZED_AUTOS = YES_AGGRESSIVE;
				GCC_WARN_UNUSED_FUNCTION = YES;
				GCC_WARN_UNUSED_VARIABLE = YES;
				IPHONEOS_DEPLOYMENT_TARGET = 14.5;
				MTL_ENABLE_DEBUG_INFO = NO;
				MTL_FAST_MATH = YES;
				SDKROOT = iphoneos;
				VALIDATE_PRODUCT = YES;
			};
			name = Release;
		};
		DBFB61E52709C80A00779880 /* Debug */ = {
			isa = XCBuildConfiguration;
			buildSettings = {
				ASSETCATALOG_COMPILER_APPICON_NAME = AppIcon;
				ASSETCATALOG_COMPILER_GLOBAL_ACCENT_COLOR_NAME = AccentColor;
				CODE_SIGN_STYLE = Automatic;
				DEVELOPMENT_TEAM = U53X87ADPB;
				INFOPLIST_FILE = ObjcApp/Info.plist;
				LD_RUNPATH_SEARCH_PATHS = (
					"$(inherited)",
					"@executable_path/Frameworks",
				);
				PRODUCT_BUNDLE_IDENTIFIER = Gelogaev.ObjcApp;
				PRODUCT_NAME = "$(TARGET_NAME)";
				TARGETED_DEVICE_FAMILY = "1,2";
			};
			name = Debug;
		};
		DBFB61E62709C80A00779880 /* Release */ = {
			isa = XCBuildConfiguration;
			buildSettings = {
				ASSETCATALOG_COMPILER_APPICON_NAME = AppIcon;
				ASSETCATALOG_COMPILER_GLOBAL_ACCENT_COLOR_NAME = AccentColor;
				CODE_SIGN_STYLE = Automatic;
				DEVELOPMENT_TEAM = U53X87ADPB;
				INFOPLIST_FILE = ObjcApp/Info.plist;
				LD_RUNPATH_SEARCH_PATHS = (
					"$(inherited)",
					"@executable_path/Frameworks",
				);
				PRODUCT_BUNDLE_IDENTIFIER = Gelogaev.ObjcApp;
				PRODUCT_NAME = "$(TARGET_NAME)";
				TARGETED_DEVICE_FAMILY = "1,2";
			};
			name = Release;
		};
/* End XCBuildConfiguration section */

/* Begin XCConfigurationList section */
		DBFB61C62709C80800779880 /* Build configuration list for PBXProject "ObjcApp" */ = {
			isa = XCConfigurationList;
			buildConfigurations = (
				DBFB61E22709C80A00779880 /* Debug */,
				DBFB61E32709C80A00779880 /* Release */,
			);
			defaultConfigurationIsVisible = 0;
			defaultConfigurationName = Release;
		};
		DBFB61E42709C80A00779880 /* Build configuration list for PBXNativeTarget "ObjcApp" */ = {
			isa = XCConfigurationList;
			buildConfigurations = (
				DBFB61E52709C80A00779880 /* Debug */,
				DBFB61E62709C80A00779880 /* Release */,
			);
			defaultConfigurationIsVisible = 0;
			defaultConfigurationName = Release;
		};
/* End XCConfigurationList section */
	};
	rootObject = DBFB61C32709C80800779880 /* Project object */;
}
